version = 1
revision = 1
requires-python = ">=3.9"

[[package]]
name = "ipfs-track"
version = "0.1.0"
source = { virtual = "." }
dependencies = [
    { name = "polars" },
]

[package.metadata]
requires-dist = [{ name = "polars", specifier = ">=1.23.0" }]

[[package]]
name = "polars"
version = "1.23.0"
source = { registry = "https://pypi.org/simple" }
sdist = { url = "https://files.pythonhosted.org/packages/dc/8d/d7dbba730dbf8cacf0926e620ea8c16a0f1674ee728c12f02e91066c2655/polars-1.23.0.tar.gz", hash = "sha256:4305e87e4c48bc4ae8401a055fb5431c4c0c4e88855e648927269f31e6d338f0", size = 4438041 }
wheels = [
    { url = "https://files.pythonhosted.org/packages/0a/c7/e993e7099a04bd1bb63fa995254fa3b7408bd91e900b96b358aeea26a6f3/polars-1.23.0-cp39-abi3-macosx_10_12_x86_64.whl", hash = "sha256:d9d344958cb9bfe1bd42c1af910cb000c0dfa2892b849f2cd35649e0bcd10fab", size = 33690353 },
    { url = "https://files.pythonhosted.org/packages/14/ea/f564320dd1e26d68e8e967048719a30dddfe8dbf2b9feae94ae7cce670c4/polars-1.23.0-cp39-abi3-macosx_11_0_arm64.whl", hash = "sha256:37ca01c31909ead40f32eb275b578c576bdd2e93730a07f3a38688b1c84f6ca8", size = 30405461 },
    { url = "https://files.pythonhosted.org/packages/62/c5/5464a08a3c646ac4589fe261f8107e51d4d6a82d0fa699ab2a155733bab6/polars-1.23.0-cp39-abi3-manylinux_2_17_x86_64.manylinux2014_x86_64.whl", hash = "sha256:3cb0b944ddfc13eefa3b8c244cba39790226fd11c861cbba9db2a1cbe033387a", size = 34237443 },
    { url = "https://files.pythonhosted.org/packages/31/0a/cdf0a0a3e5618d2fa79ea3a2020d9cac25c0cd4ddf131b7aa3d4314cdf73/polars-1.23.0-cp39-abi3-manylinux_2_24_aarch64.whl", hash = "sha256:655d296078c99cd3f5cefc3ec1f1447676a64f0d7dcd2f89d919f19bf84fa53f", size = 31401840 },
    { url = "https://files.pythonhosted.org/packages/86/60/2b0a210920b1c43ba8d920cec116aa21cac0ca4f333501673d94818aca9b/polars-1.23.0-cp39-abi3-win_amd64.whl", hash = "sha256:b774f04d77ed4153d9539e546db5ad6ff4757c79dfe981e22400eb59299c5493", size = 34524233 },
    { url = "https://files.pythonhosted.org/packages/cf/77/f03719e1d2699e175ff43ed376d8049a145ce0d080934dc50f435d2975b2/polars-1.23.0-cp39-abi3-win_arm64.whl", hash = "sha256:701df6381665c56da18704305119ce73983b1bead3378fbc8fac7ffd24817e93", size = 30771854 },
]
